
Microsoft Visual Studio Solution File, Format Version 12.00
# Visual Studio Version 17
VisualStudioVersion = 17.2.32630.192
MinimumVisualStudioVersion = 10.0.40219.1
Project("{2150E333-8FDC-42A3-9474-1A3956D46DE8}") = "Modul001_SOLID", "Modul001_SOLID", "{F49832C3-5BAA-4689-8D80-CACEE62DA7A0}"
EndProject
Project("{2150E333-8FDC-42A3-9474-1A3956D46DE8}") = "Solution Items", "Solution Items", "{56CE7B98-D573-4139-8069-4674F4F08864}"
	ProjectSection(SolutionItems) = preProject
		..\Agenda.md = ..\Agenda.md
	EndProjectSection
EndProject
Project("{9A19103F-16F7-4668-BE54-9A1E7A4F7556}") = "01SRPDemo", "01SRPDemo\01SRPDemo.csproj", "{396BB6A0-2B7D-43C8-A7CF-EE52779CF6B1}"
EndProject
Project("{9A19103F-16F7-4668-BE54-9A1E7A4F7556}") = "02OCPDemo", "02OCPDemo\02OCPDemo.csproj", "{B9655E4B-AC86-48A9-B292-5A5415C6EA2E}"
EndProject
Project("{9A19103F-16F7-4668-BE54-9A1E7A4F7556}") = "03LSPDemo", "03LSPDemo\03LSPDemo.csproj", "{6D0BF0DC-EA39-4508-AA60-54F5EB8A232A}"
EndProject
Project("{9A19103F-16F7-4668-BE54-9A1E7A4F7556}") = "04ISPDemo", "04ISPDemo\04ISPDemo.csproj", "{207AB4D3-3206-44A6-B109-F821FEDA6BB8}"
EndProject
Project("{9A19103F-16F7-4668-BE54-9A1E7A4F7556}") = "05DependencyInversionPrinciple", "05_DependencyInversionPrinciple\05DependencyInversionPrinciple.csproj", "{E4836307-CFDD-46C4-8F0E-1E67F56010F0}"
EndProject
Project("{2150E333-8FDC-42A3-9474-1A3956D46DE8}") = "Modul002_IOC", "Modul002_IOC", "{9745B6A5-42EF-4C67-814C-DB7B65CE8A5E}"
EndProject
Project("{9A19103F-16F7-4668-BE54-9A1E7A4F7556}") = "IOCContainerSample", "IOCContainerSample\IOCContainerSample.csproj", "{9D5DB6D0-34BF-4EA5-9681-D30C38B2A8D7}"
EndProject
Project("{2150E333-8FDC-42A3-9474-1A3956D46DE8}") = "Modul003_ASPNETCORE_IOC", "Modul003_ASPNETCORE_IOC", "{DADDAC27-7DCD-4FE2-BF9E-FB7F58BA03D3}"
EndProject
Project("{9A19103F-16F7-4668-BE54-9A1E7A4F7556}") = "ASPNETCORE_IOC_SAMPLES", "ASPNETCORE_IOC_SAMPLES\ASPNETCORE_IOC_SAMPLES.csproj", "{683DEC5B-92B4-4D2F-87F9-4048624B38F7}"
EndProject
Project("{9A19103F-16F7-4668-BE54-9A1E7A4F7556}") = "DIScopeVsTransientVsSingletonSample", "DIScopeVsTransientVsSingletonSample\DIScopeVsTransientVsSingletonSample.csproj", "{8C7D6608-8895-4DBA-9AF9-BBB21AE6497A}"
EndProject
Project("{2150E333-8FDC-42A3-9474-1A3956D46DE8}") = "Modul004_Configuration", "Modul004_Configuration", "{CEC33F80-3580-40CC-995D-D27BCEF40E18}"
EndProject
Project("{9A19103F-16F7-4668-BE54-9A1E7A4F7556}") = "ConfigurationSampleApp", "ConfigurationSampleApp\ConfigurationSampleApp.csproj", "{2C1E962C-A38A-49FD-8E59-A671F06E1623}"
EndProject
Project("{2150E333-8FDC-42A3-9474-1A3956D46DE8}") = "Modul005_RazorSyntax", "Modul005_RazorSyntax", "{CC597A06-B491-4072-87DA-48CE9AA7DCD8}"
EndProject
Project("{2150E333-8FDC-42A3-9474-1A3956D46DE8}") = "Modul000_OverviewMVC", "Modul000_OverviewMVC", "{AD3CACBD-6430-4C88-B4E6-A4035333739A}"
EndProject
Project("{9A19103F-16F7-4668-BE54-9A1E7A4F7556}") = "MVCDefaultNET6TopLevelstatements", "MVCDefaultNET6TopLevelstatements\MVCDefaultNET6TopLevelstatements.csproj", "{1A228D4C-A1BD-421A-A245-78F4AEDDABCA}"
EndProject
Project("{9A19103F-16F7-4668-BE54-9A1E7A4F7556}") = "MVCDefaultNET6WithMainMethode", "MVCDefaultNET6WithMainMethode\MVCDefaultNET6WithMainMethode.csproj", "{C3FB8447-DCB9-4040-A51C-218B999AC4A5}"
EndProject
Project("{9A19103F-16F7-4668-BE54-9A1E7A4F7556}") = "MVCDefaultNET50", "MVCDefaultNET50\MVCDefaultNET50.csproj", "{2029FA8E-C06C-4365-B4B8-7EB438FD1445}"
EndProject
Project("{9A19103F-16F7-4668-BE54-9A1E7A4F7556}") = "RazorSyntaxSample", "RazorSyntaxSample\RazorSyntaxSample.csproj", "{EBBF6B06-4E87-4F85-8B82-E4DC29F6AF24}"
EndProject
Project("{2150E333-8FDC-42A3-9474-1A3956D46DE8}") = "LinqLambda", "LinqLambda", "{39BE4F21-D095-4C53-8C59-D2DED978753A}"
EndProject
Project("{9A19103F-16F7-4668-BE54-9A1E7A4F7556}") = "LinqLambdaSample", "LinqLambdaSample\LinqLambdaSample.csproj", "{81F5B230-B075-4779-AECE-997AAF595169}"
EndProject
Project("{2150E333-8FDC-42A3-9474-1A3956D46DE8}") = "Modul006_Formular_DataAnnotations_EFCore", "Modul006_Formular_DataAnnotations_EFCore", "{8FB1DBAE-330E-4898-877F-1948C5F8532D}"
EndProject
Project("{9A19103F-16F7-4668-BE54-9A1E7A4F7556}") = "VideoShopMVCAPP", "VideoShopMVCAPP\VideoShopMVCAPP.csproj", "{5D48AA26-DCCD-4A89-A927-ECC0D5BD9227}"
EndProject
Project("{2150E333-8FDC-42A3-9474-1A3956D46DE8}") = "Modul007_StateManagement", "Modul007_StateManagement", "{406CB40B-2A71-4A53-B023-79D3B82222CC}"
EndProject
Project("{9A19103F-16F7-4668-BE54-9A1E7A4F7556}") = "StateManangementSamplesMVC", "StateManangementSamplesMVC\StateManangementSamplesMVC.csproj", "{3EFCABE4-6D28-4DF2-9465-EF174DD8FE71}"
EndProject
Project("{2150E333-8FDC-42A3-9474-1A3956D46DE8}") = "Modul008_TagHelpers", "Modul008_TagHelpers", "{0C71645D-16ED-49DF-AAC6-06FEA9975E17}"
EndProject
Project("{FAE04EC0-301F-11D3-BF4B-00C04F79EFBC}") = "TagHelpersSamples", "TagHelpersSamples\TagHelpersSamples.csproj", "{6428E7E3-3AD0-4B79-8142-FC676C893820}"
EndProject
Project("{2150E333-8FDC-42A3-9474-1A3956D46DE8}") = "Modul009_IdentityUI", "Modul009_IdentityUI", "{ACFE1630-8636-43D1-9379-CAF1B7043CD1}"
EndProject
Project("{FAE04EC0-301F-11D3-BF4B-00C04F79EFBC}") = "IdentityUISample", "IdentityUISample\IdentityUISample.csproj", "{94623E21-D82C-477C-838E-D8635A9B204E}"
EndProject
Project("{FAE04EC0-301F-11D3-BF4B-00C04F79EFBC}") = "GeneratedAuthentifizierungWithAD", "GeneratedAuthentifizierungWithAD\GeneratedAuthentifizierungWithAD.csproj", "{972BD1BA-FB85-44F1-B154-90EE4F5922CE}"
EndProject
Project("{2150E333-8FDC-42A3-9474-1A3956D46DE8}") = "Modul010_Routing", "Modul010_Routing", "{42E6DB94-935A-43DF-A054-745FFD17D592}"
EndProject
Project("{FAE04EC0-301F-11D3-BF4B-00C04F79EFBC}") = "MovieWebAPP", "MovieWebAPP\MovieWebAPP.csproj", "{179CC9BC-A694-403A-AAA7-43D921F22B4A}"
EndProject
Project("{2150E333-8FDC-42A3-9474-1A3956D46DE8}") = "Modul011_Relationen", "Modul011_Relationen", "{6306B997-A886-4CE5-8A02-420BABE07BE0}"
EndProject
Project("{FAE04EC0-301F-11D3-BF4B-00C04F79EFBC}") = "GeoRelationSample", "GeoRelationSample\GeoRelationSample.csproj", "{E8366849-6B56-4A60-9D46-A24FE3B05312}"
EndProject
Global
	GlobalSection(SolutionConfigurationPlatforms) = preSolution
		Debug|Any CPU = Debug|Any CPU
		Release|Any CPU = Release|Any CPU
	EndGlobalSection
	GlobalSection(ProjectConfigurationPlatforms) = postSolution
		{396BB6A0-2B7D-43C8-A7CF-EE52779CF6B1}.Debug|Any CPU.ActiveCfg = Debug|Any CPU
		{396BB6A0-2B7D-43C8-A7CF-EE52779CF6B1}.Debug|Any CPU.Build.0 = Debug|Any CPU
		{396BB6A0-2B7D-43C8-A7CF-EE52779CF6B1}.Release|Any CPU.ActiveCfg = Release|Any CPU
		{396BB6A0-2B7D-43C8-A7CF-EE52779CF6B1}.Release|Any CPU.Build.0 = Release|Any CPU
		{B9655E4B-AC86-48A9-B292-5A5415C6EA2E}.Debug|Any CPU.ActiveCfg = Debug|Any CPU
		{B9655E4B-AC86-48A9-B292-5A5415C6EA2E}.Debug|Any CPU.Build.0 = Debug|Any CPU
		{B9655E4B-AC86-48A9-B292-5A5415C6EA2E}.Release|Any CPU.ActiveCfg = Release|Any CPU
		{B9655E4B-AC86-48A9-B292-5A5415C6EA2E}.Release|Any CPU.Build.0 = Release|Any CPU
		{6D0BF0DC-EA39-4508-AA60-54F5EB8A232A}.Debug|Any CPU.ActiveCfg = Debug|Any CPU
		{6D0BF0DC-EA39-4508-AA60-54F5EB8A232A}.Debug|Any CPU.Build.0 = Debug|Any CPU
		{6D0BF0DC-EA39-4508-AA60-54F5EB8A232A}.Release|Any CPU.ActiveCfg = Release|Any CPU
		{6D0BF0DC-EA39-4508-AA60-54F5EB8A232A}.Release|Any CPU.Build.0 = Release|Any CPU
		{207AB4D3-3206-44A6-B109-F821FEDA6BB8}.Debug|Any CPU.ActiveCfg = Debug|Any CPU
		{207AB4D3-3206-44A6-B109-F821FEDA6BB8}.Debug|Any CPU.Build.0 = Debug|Any CPU
		{207AB4D3-3206-44A6-B109-F821FEDA6BB8}.Release|Any CPU.ActiveCfg = Release|Any CPU
		{207AB4D3-3206-44A6-B109-F821FEDA6BB8}.Release|Any CPU.Build.0 = Release|Any CPU
		{E4836307-CFDD-46C4-8F0E-1E67F56010F0}.Debug|Any CPU.ActiveCfg = Debug|Any CPU
		{E4836307-CFDD-46C4-8F0E-1E67F56010F0}.Debug|Any CPU.Build.0 = Debug|Any CPU
		{E4836307-CFDD-46C4-8F0E-1E67F56010F0}.Release|Any CPU.ActiveCfg = Release|Any CPU
		{E4836307-CFDD-46C4-8F0E-1E67F56010F0}.Release|Any CPU.Build.0 = Release|Any CPU
		{9D5DB6D0-34BF-4EA5-9681-D30C38B2A8D7}.Debug|Any CPU.ActiveCfg = Debug|Any CPU
		{9D5DB6D0-34BF-4EA5-9681-D30C38B2A8D7}.Debug|Any CPU.Build.0 = Debug|Any CPU
		{9D5DB6D0-34BF-4EA5-9681-D30C38B2A8D7}.Release|Any CPU.ActiveCfg = Release|Any CPU
		{9D5DB6D0-34BF-4EA5-9681-D30C38B2A8D7}.Release|Any CPU.Build.0 = Release|Any CPU
		{683DEC5B-92B4-4D2F-87F9-4048624B38F7}.Debug|Any CPU.ActiveCfg = Debug|Any CPU
		{683DEC5B-92B4-4D2F-87F9-4048624B38F7}.Debug|Any CPU.Build.0 = Debug|Any CPU
		{683DEC5B-92B4-4D2F-87F9-4048624B38F7}.Release|Any CPU.ActiveCfg = Release|Any CPU
		{683DEC5B-92B4-4D2F-87F9-4048624B38F7}.Release|Any CPU.Build.0 = Release|Any CPU
		{8C7D6608-8895-4DBA-9AF9-BBB21AE6497A}.Debug|Any CPU.ActiveCfg = Debug|Any CPU
		{8C7D6608-8895-4DBA-9AF9-BBB21AE6497A}.Debug|Any CPU.Build.0 = Debug|Any CPU
		{8C7D6608-8895-4DBA-9AF9-BBB21AE6497A}.Release|Any CPU.ActiveCfg = Release|Any CPU
		{8C7D6608-8895-4DBA-9AF9-BBB21AE6497A}.Release|Any CPU.Build.0 = Release|Any CPU
		{2C1E962C-A38A-49FD-8E59-A671F06E1623}.Debug|Any CPU.ActiveCfg = Debug|Any CPU
		{2C1E962C-A38A-49FD-8E59-A671F06E1623}.Debug|Any CPU.Build.0 = Debug|Any CPU
		{2C1E962C-A38A-49FD-8E59-A671F06E1623}.Release|Any CPU.ActiveCfg = Release|Any CPU
		{2C1E962C-A38A-49FD-8E59-A671F06E1623}.Release|Any CPU.Build.0 = Release|Any CPU
		{1A228D4C-A1BD-421A-A245-78F4AEDDABCA}.Debug|Any CPU.ActiveCfg = Debug|Any CPU
		{1A228D4C-A1BD-421A-A245-78F4AEDDABCA}.Debug|Any CPU.Build.0 = Debug|Any CPU
		{1A228D4C-A1BD-421A-A245-78F4AEDDABCA}.Release|Any CPU.ActiveCfg = Release|Any CPU
		{1A228D4C-A1BD-421A-A245-78F4AEDDABCA}.Release|Any CPU.Build.0 = Release|Any CPU
		{C3FB8447-DCB9-4040-A51C-218B999AC4A5}.Debug|Any CPU.ActiveCfg = Debug|Any CPU
		{C3FB8447-DCB9-4040-A51C-218B999AC4A5}.Debug|Any CPU.Build.0 = Debug|Any CPU
		{C3FB8447-DCB9-4040-A51C-218B999AC4A5}.Release|Any CPU.ActiveCfg = Release|Any CPU
		{C3FB8447-DCB9-4040-A51C-218B999AC4A5}.Release|Any CPU.Build.0 = Release|Any CPU
		{2029FA8E-C06C-4365-B4B8-7EB438FD1445}.Debug|Any CPU.ActiveCfg = Debug|Any CPU
		{2029FA8E-C06C-4365-B4B8-7EB438FD1445}.Debug|Any CPU.Build.0 = Debug|Any CPU
		{2029FA8E-C06C-4365-B4B8-7EB438FD1445}.Release|Any CPU.ActiveCfg = Release|Any CPU
		{2029FA8E-C06C-4365-B4B8-7EB438FD1445}.Release|Any CPU.Build.0 = Release|Any CPU
		{EBBF6B06-4E87-4F85-8B82-E4DC29F6AF24}.Debug|Any CPU.ActiveCfg = Debug|Any CPU
		{EBBF6B06-4E87-4F85-8B82-E4DC29F6AF24}.Debug|Any CPU.Build.0 = Debug|Any CPU
		{EBBF6B06-4E87-4F85-8B82-E4DC29F6AF24}.Release|Any CPU.ActiveCfg = Release|Any CPU
		{EBBF6B06-4E87-4F85-8B82-E4DC29F6AF24}.Release|Any CPU.Build.0 = Release|Any CPU
		{81F5B230-B075-4779-AECE-997AAF595169}.Debug|Any CPU.ActiveCfg = Debug|Any CPU
		{81F5B230-B075-4779-AECE-997AAF595169}.Debug|Any CPU.Build.0 = Debug|Any CPU
		{81F5B230-B075-4779-AECE-997AAF595169}.Release|Any CPU.ActiveCfg = Release|Any CPU
		{81F5B230-B075-4779-AECE-997AAF595169}.Release|Any CPU.Build.0 = Release|Any CPU
		{5D48AA26-DCCD-4A89-A927-ECC0D5BD9227}.Debug|Any CPU.ActiveCfg = Debug|Any CPU
		{5D48AA26-DCCD-4A89-A927-ECC0D5BD9227}.Debug|Any CPU.Build.0 = Debug|Any CPU
		{5D48AA26-DCCD-4A89-A927-ECC0D5BD9227}.Release|Any CPU.ActiveCfg = Release|Any CPU
		{5D48AA26-DCCD-4A89-A927-ECC0D5BD9227}.Release|Any CPU.Build.0 = Release|Any CPU
		{3EFCABE4-6D28-4DF2-9465-EF174DD8FE71}.Debug|Any CPU.ActiveCfg = Debug|Any CPU
		{3EFCABE4-6D28-4DF2-9465-EF174DD8FE71}.Debug|Any CPU.Build.0 = Debug|Any CPU
		{3EFCABE4-6D28-4DF2-9465-EF174DD8FE71}.Release|Any CPU.ActiveCfg = Release|Any CPU
		{3EFCABE4-6D28-4DF2-9465-EF174DD8FE71}.Release|Any CPU.Build.0 = Release|Any CPU
		{6428E7E3-3AD0-4B79-8142-FC676C893820}.Debug|Any CPU.ActiveCfg = Debug|Any CPU
		{6428E7E3-3AD0-4B79-8142-FC676C893820}.Debug|Any CPU.Build.0 = Debug|Any CPU
		{6428E7E3-3AD0-4B79-8142-FC676C893820}.Release|Any CPU.ActiveCfg = Release|Any CPU
		{6428E7E3-3AD0-4B79-8142-FC676C893820}.Release|Any CPU.Build.0 = Release|Any CPU
		{94623E21-D82C-477C-838E-D8635A9B204E}.Debug|Any CPU.ActiveCfg = Debug|Any CPU
		{94623E21-D82C-477C-838E-D8635A9B204E}.Debug|Any CPU.Build.0 = Debug|Any CPU
		{94623E21-D82C-477C-838E-D8635A9B204E}.Release|Any CPU.ActiveCfg = Release|Any CPU
		{94623E21-D82C-477C-838E-D8635A9B204E}.Release|Any CPU.Build.0 = Release|Any CPU
		{972BD1BA-FB85-44F1-B154-90EE4F5922CE}.Debug|Any CPU.ActiveCfg = Debug|Any CPU
		{972BD1BA-FB85-44F1-B154-90EE4F5922CE}.Debug|Any CPU.Build.0 = Debug|Any CPU
		{972BD1BA-FB85-44F1-B154-90EE4F5922CE}.Release|Any CPU.ActiveCfg = Release|Any CPU
		{972BD1BA-FB85-44F1-B154-90EE4F5922CE}.Release|Any CPU.Build.0 = Release|Any CPU
		{179CC9BC-A694-403A-AAA7-43D921F22B4A}.Debug|Any CPU.ActiveCfg = Debug|Any CPU
		{179CC9BC-A694-403A-AAA7-43D921F22B4A}.Debug|Any CPU.Build.0 = Debug|Any CPU
		{179CC9BC-A694-403A-AAA7-43D921F22B4A}.Release|Any CPU.ActiveCfg = Release|Any CPU
		{179CC9BC-A694-403A-AAA7-43D921F22B4A}.Release|Any CPU.Build.0 = Release|Any CPU
		{E8366849-6B56-4A60-9D46-A24FE3B05312}.Debug|Any CPU.ActiveCfg = Debug|Any CPU
		{E8366849-6B56-4A60-9D46-A24FE3B05312}.Debug|Any CPU.Build.0 = Debug|Any CPU
		{E8366849-6B56-4A60-9D46-A24FE3B05312}.Release|Any CPU.ActiveCfg = Release|Any CPU
		{E8366849-6B56-4A60-9D46-A24FE3B05312}.Release|Any CPU.Build.0 = Release|Any CPU
	EndGlobalSection
	GlobalSection(SolutionProperties) = preSolution
		HideSolutionNode = FALSE
	EndGlobalSection
	GlobalSection(NestedProjects) = preSolution
		{396BB6A0-2B7D-43C8-A7CF-EE52779CF6B1} = {F49832C3-5BAA-4689-8D80-CACEE62DA7A0}
		{B9655E4B-AC86-48A9-B292-5A5415C6EA2E} = {F49832C3-5BAA-4689-8D80-CACEE62DA7A0}
		{6D0BF0DC-EA39-4508-AA60-54F5EB8A232A} = {F49832C3-5BAA-4689-8D80-CACEE62DA7A0}
		{207AB4D3-3206-44A6-B109-F821FEDA6BB8} = {F49832C3-5BAA-4689-8D80-CACEE62DA7A0}
		{E4836307-CFDD-46C4-8F0E-1E67F56010F0} = {F49832C3-5BAA-4689-8D80-CACEE62DA7A0}
		{9D5DB6D0-34BF-4EA5-9681-D30C38B2A8D7} = {9745B6A5-42EF-4C67-814C-DB7B65CE8A5E}
		{683DEC5B-92B4-4D2F-87F9-4048624B38F7} = {DADDAC27-7DCD-4FE2-BF9E-FB7F58BA03D3}
		{8C7D6608-8895-4DBA-9AF9-BBB21AE6497A} = {DADDAC27-7DCD-4FE2-BF9E-FB7F58BA03D3}
		{2C1E962C-A38A-49FD-8E59-A671F06E1623} = {CEC33F80-3580-40CC-995D-D27BCEF40E18}
		{1A228D4C-A1BD-421A-A245-78F4AEDDABCA} = {AD3CACBD-6430-4C88-B4E6-A4035333739A}
		{C3FB8447-DCB9-4040-A51C-218B999AC4A5} = {AD3CACBD-6430-4C88-B4E6-A4035333739A}
		{2029FA8E-C06C-4365-B4B8-7EB438FD1445} = {AD3CACBD-6430-4C88-B4E6-A4035333739A}
		{EBBF6B06-4E87-4F85-8B82-E4DC29F6AF24} = {CC597A06-B491-4072-87DA-48CE9AA7DCD8}
		{81F5B230-B075-4779-AECE-997AAF595169} = {39BE4F21-D095-4C53-8C59-D2DED978753A}
		{5D48AA26-DCCD-4A89-A927-ECC0D5BD9227} = {8FB1DBAE-330E-4898-877F-1948C5F8532D}
		{3EFCABE4-6D28-4DF2-9465-EF174DD8FE71} = {406CB40B-2A71-4A53-B023-79D3B82222CC}
		{6428E7E3-3AD0-4B79-8142-FC676C893820} = {0C71645D-16ED-49DF-AAC6-06FEA9975E17}
		{94623E21-D82C-477C-838E-D8635A9B204E} = {ACFE1630-8636-43D1-9379-CAF1B7043CD1}
		{972BD1BA-FB85-44F1-B154-90EE4F5922CE} = {ACFE1630-8636-43D1-9379-CAF1B7043CD1}
		{179CC9BC-A694-403A-AAA7-43D921F22B4A} = {42E6DB94-935A-43DF-A054-745FFD17D592}
		{E8366849-6B56-4A60-9D46-A24FE3B05312} = {6306B997-A886-4CE5-8A02-420BABE07BE0}
	EndGlobalSection
	GlobalSection(ExtensibilityGlobals) = postSolution
		SolutionGuid = {EFC81095-558F-4CF6-A5ED-88BDDD20871F}
	EndGlobalSection
EndGlobal
